// !$*UTF8*$!
{
	archiveVersion = 1;
	classes = {
	};
	objectVersion = 56;
	objects = {

/* Begin PBXBuildFile section */
		152937E52A50B7120073F325 /* QuoteViewModel.swift in Sources */ = {isa = PBXBuildFile; fileRef = 152937E42A50B7120073F325 /* QuoteViewModel.swift */; };
		156C14DD2A50A07E00123F64 /* JustQuotesApp.swift in Sources */ = {isa = PBXBuildFile; fileRef = 156C14DC2A50A07E00123F64 /* JustQuotesApp.swift */; };
		156C14DF2A50A07E00123F64 /* ContentView.swift in Sources */ = {isa = PBXBuildFile; fileRef = 156C14DE2A50A07E00123F64 /* ContentView.swift */; };
		156C14E12A50A07F00123F64 /* Assets.xcassets in Resources */ = {isa = PBXBuildFile; fileRef = 156C14E02A50A07F00123F64 /* Assets.xcassets */; };
		156C14E42A50A07F00123F64 /* Preview Assets.xcassets in Resources */ = {isa = PBXBuildFile; fileRef = 156C14E32A50A07F00123F64 /* Preview Assets.xcassets */; };
		156C14EC2A50A8C700123F64 /* KanyeAPI.swift in Sources */ = {isa = PBXBuildFile; fileRef = 156C14EB2A50A8C700123F64 /* KanyeAPI.swift */; };
		156C14EE2A50AE3A00123F64 /* ServiceLocator.swift in Sources */ = {isa = PBXBuildFile; fileRef = 156C14ED2A50AE3A00123F64 /* ServiceLocator.swift */; };
		156C14F02A50B1D600123F64 /* Configurator.swift in Sources */ = {isa = PBXBuildFile; fileRef = 156C14EF2A50B1D600123F64 /* Configurator.swift */; };
		156C14F22A50B32300123F64 /* InjectedWrapper.swift in Sources */ = {isa = PBXBuildFile; fileRef = 156C14F12A50B32300123F64 /* InjectedWrapper.swift */; };
/* End PBXBuildFile section */

/* Begin PBXFileReference section */
		152937E42A50B7120073F325 /* QuoteViewModel.swift */ = {isa = PBXFileReference; lastKnownFileType = sourcecode.swift; path = QuoteViewModel.swift; sourceTree = "<group>"; };
		156C14D92A50A07E00123F64 /* JustQuotes.app */ = {isa = PBXFileReference; explicitFileType = wrapper.application; includeInIndex = 0; path = JustQuotes.app; sourceTree = BUILT_PRODUCTS_DIR; };
		156C14DC2A50A07E00123F64 /* JustQuotesApp.swift */ = {isa = PBXFileReference; lastKnownFileType = sourcecode.swift; path = JustQuotesApp.swift; sourceTree = "<group>"; };
		156C14DE2A50A07E00123F64 /* ContentView.swift */ = {isa = PBXFileReference; lastKnownFileType = sourcecode.swift; path = ContentView.swift; sourceTree = "<group>"; };
		156C14E02A50A07F00123F64 /* Assets.xcassets */ = {isa = PBXFileReference; lastKnownFileType = folder.assetcatalog; path = Assets.xcassets; sourceTree = "<group>"; };
		156C14E32A50A07F00123F64 /* Preview Assets.xcassets */ = {isa = PBXFileReference; lastKnownFileType = folder.assetcatalog; path = "Preview Assets.xcassets"; sourceTree = "<group>"; };
		156C14EB2A50A8C700123F64 /* KanyeAPI.swift */ = {isa = PBXFileReference; lastKnownFileType = sourcecode.swift; path = KanyeAPI.swift; sourceTree = "<group>"; };
		156C14ED2A50AE3A00123F64 /* ServiceLocator.swift */ = {isa = PBXFileReference; lastKnownFileType = sourcecode.swift; path = ServiceLocator.swift; sourceTree = "<group>"; };
		156C14EF2A50B1D600123F64 /* Configurator.swift */ = {isa = PBXFileReference; lastKnownFileType = sourcecode.swift; path = Configurator.swift; sourceTree = "<group>"; };
		156C14F12A50B32300123F64 /* InjectedWrapper.swift */ = {isa = PBXFileReference; lastKnownFileType = sourcecode.swift; path = InjectedWrapper.swift; sourceTree = "<group>"; };
/* End PBXFileReference section */

/* Begin PBXFrameworksBuildPhase section */
		156C14D62A50A07E00123F64 /* Frameworks */ = {
			isa = PBXFrameworksBuildPhase;
			buildActionMask = 2147483647;
			files = (
			);
			runOnlyForDeploymentPostprocessing = 0;
		};
/* End PBXFrameworksBuildPhase section */

/* Begin PBXGroup section */
		156C14D02A50A07E00123F64 = {
			isa = PBXGroup;
			children = (
				156C14DB2A50A07E00123F64 /* JustQuotes */,
				156C14DA2A50A07E00123F64 /* Products */,
			);
			sourceTree = "<group>";
		};
		156C14DA2A50A07E00123F64 /* Products */ = {
			isa = PBXGroup;
			children = (
				156C14D92A50A07E00123F64 /* JustQuotes.app */,
			);
			name = Products;
			sourceTree = "<group>";
		};
		156C14DB2A50A07E00123F64 /* JustQuotes */ = {
			isa = PBXGroup;
			children = (
				156C14DC2A50A07E00123F64 /* JustQuotesApp.swift */,
				156C14DE2A50A07E00123F64 /* ContentView.swift */,
				152937E42A50B7120073F325 /* QuoteViewModel.swift */,
				156C14ED2A50AE3A00123F64 /* ServiceLocator.swift */,
				156C14EF2A50B1D600123F64 /* Configurator.swift */,
				156C14F12A50B32300123F64 /* InjectedWrapper.swift */,
				156C14EA2A50A74900123F64 /* Network */,
				156C14E02A50A07F00123F64 /* Assets.xcassets */,
				156C14E22A50A07F00123F64 /* Preview Content */,
			);
			path = JustQuotes;
			sourceTree = "<group>";
		};
		156C14E22A50A07F00123F64 /* Preview Content */ = {
			isa = PBXGroup;
			children = (
				156C14E32A50A07F00123F64 /* Preview Assets.xcassets */,
			);
			path = "Preview Content";
			sourceTree = "<group>";
		};
		156C14EA2A50A74900123F64 /* Network */ = {
			isa = PBXGroup;
			children = (
				156C14EB2A50A8C700123F64 /* KanyeAPI.swift */,
			);
			path = Network;
			sourceTree = "<group>";
		};
/* End PBXGroup section */

/* Begin PBXNativeTarget section */
		156C14D82A50A07E00123F64 /* JustQuotes */ = {
			isa = PBXNativeTarget;
			buildConfigurationList = 156C14E72A50A07F00123F64 /* Build configuration list for PBXNativeTarget "JustQuotes" */;
			buildPhases = (
				156C14D52A50A07E00123F64 /* Sources */,
				156C14D62A50A07E00123F64 /* Frameworks */,
				156C14D72A50A07E00123F64 /* Resources */,
			);
			buildRules = (
			);
			dependencies = (
			);
			name = JustQuotes;
			productName = JustQuotes;
			productReference = 156C14D92A50A07E00123F64 /* JustQuotes.app */;
			productType = "com.apple.product-type.application";
		};
/* End PBXNativeTarget section */

/* Begin PBXProject section */
		156C14D12A50A07E00123F64 /* Project object */ = {
			isa = PBXProject;
			attributes = {
				BuildIndependentTargetsInParallel = 1;
				LastSwiftUpdateCheck = 1430;
				LastUpgradeCheck = 1430;
				TargetAttributes = {
					156C14D82A50A07E00123F64 = {
						CreatedOnToolsVersion = 14.3.1;
					};
				};
			};
			buildConfigurationList = 156C14D42A50A07E00123F64 /* Build configuration list for PBXProject "JustQuotes" */;
			compatibilityVersion = "Xcode 14.0";
			developmentRegion = en;
			hasScannedForEncodings = 0;
			knownRegions = (
				en,
				Base,
			);
			mainGroup = 156C14D02A50A07E00123F64;
			productRefGroup = 156C14DA2A50A07E00123F64 /* Products */;
			projectDirPath = "";
			projectRoot = "";
			targets = (
				156C14D82A50A07E00123F64 /* JustQuotes */,
			);
		};
/* End PBXProject section */

/* Begin PBXResourcesBuildPhase section */
		156C14D72A50A07E00123F64 /* Resources */ = {
			isa = PBXResourcesBuildPhase;
			buildActionMask = 2147483647;
			files = (
				156C14E42A50A07F00123F64 /* Preview Assets.xcassets in Resources */,
				156C14E12A50A07F00123F64 /* Assets.xcassets in Resources */,
			);
			runOnlyForDeploymentPostprocessing = 0;
		};
/* End PBXResourcesBuildPhase section */

/* Begin PBXSourcesBuildPhase section */
		156C14D52A50A07E00123F64 /* Sources */ = {
			isa = PBXSourcesBuildPhase;
			buildActionMask = 2147483647;
			files = (
				156C14EE2A50AE3A00123F64 /* ServiceLocator.swift in Sources */,
				156C14EC2A50A8C700123F64 /* KanyeAPI.swift in Sources */,
				156C14DF2A50A07E00123F64 /* ContentView.swift in Sources */,
				152937E52A50B7120073F325 /* QuoteViewModel.swift in Sources */,
				156C14F02A50B1D600123F64 /* Configurator.swift in Sources */,
				156C14DD2A50A07E00123F64 /* JustQuotesApp.swift in Sources */,
				156C14F22A50B32300123F64 /* InjectedWrapper.swift in Sources */,
			);
			runOnlyForDeploymentPostprocessing = 0;
		};
/* End PBXSourcesBuildPhase section */

/* Begin XCBuildConfiguration section */
		156C14E52A50A07F00123F64 /* Debug */ = {
			isa = XCBuildConfiguration;
			buildSettings = {
				ALWAYS_SEARCH_USER_PATHS = NO;
				CLANG_ANALYZER_NONNULL = YES;
				CLANG_ANALYZER_NUMBER_OBJECT_CONVERSION = YES_AGGRESSIVE;
				CLANG_CXX_LANGUAGE_STANDARD = "gnu++20";
				CLANG_ENABLE_MODULES = YES;
				CLANG_ENABLE_OBJC_ARC = YES;
				CLANG_ENABLE_OBJC_WEAK = YES;
				CLANG_WARN_BLOCK_CAPTURE_AUTORELEASING = YES;
				CLANG_WARN_BOOL_CONVERSION = YES;
				CLANG_WARN_COMMA = YES;
				CLANG_WARN_CONSTANT_CONVERSION = YES;
				CLANG_WARN_DEPRECATED_OBJC_IMPLEMENTATIONS = YES;
				CLANG_WARN_DIRECT_OBJC_ISA_USAGE = YES_ERROR;
				CLANG_WARN_DOCUMENTATION_COMMENTS = YES;
				CLANG_WARN_EMPTY_BODY = YES;
				CLANG_WARN_ENUM_CONVERSION = YES;
				CLANG_WARN_INFINITE_RECURSION = YES;
				CLANG_WARN_INT_CONVERSION = YES;
				CLANG_WARN_NON_LITERAL_NULL_CONVERSION = YES;
				CLANG_WARN_OBJC_IMPLICIT_RETAIN_SELF = YES;
				CLANG_WARN_OBJC_LITERAL_CONVERSION = YES;
				CLANG_WARN_OBJC_ROOT_CLASS = YES_ERROR;
				CLANG_WARN_QUOTED_INCLUDE_IN_FRAMEWORK_HEADER = YES;
				CLANG_WARN_RANGE_LOOP_ANALYSIS = YES;
				CLANG_WARN_STRICT_PROTOTYPES = YES;
				CLANG_WARN_SUSPICIOUS_MOVE = YES;
				CLANG_WARN_UNGUARDED_AVAILABILITY = YES_AGGRESSIVE;
				CLANG_WARN_UNREACHABLE_CODE = YES;
				CLANG_WARN__DUPLICATE_METHOD_MATCH = YES;
				COPY_PHASE_STRIP = NO;
				DEBUG_INFORMATION_FORMAT = dwarf;
				ENABLE_STRICT_OBJC_MSGSEND = YES;
				ENABLE_TESTABILITY = YES;
				GCC_C_LANGUAGE_STANDARD = gnu11;
				GCC_DYNAMIC_NO_PIC = NO;
				GCC_NO_COMMON_BLOCKS = YES;
				GCC_OPTIMIZATION_LEVEL = 0;
				GCC_PREPROCESSOR_DEFINITIONS = (
					"DEBUG=1",
					"$(inherited)",
				);
				GCC_WARN_64_TO_32_BIT_CONVERSION = YES;
				GCC_WARN_ABOUT_RETURN_TYPE = YES_ERROR;
				GCC_WARN_UNDECLARED_SELECTOR = YES;
				GCC_WARN_UNINITIALIZED_AUTOS = YES_AGGRESSIVE;
				GCC_WARN_UNUSED_FUNCTION = YES;
				GCC_WARN_UNUSED_VARIABLE = YES;
				IPHONEOS_DEPLOYMENT_TARGET = 16.4;
				MTL_ENABLE_DEBUG_INFO = INCLUDE_SOURCE;
				MTL_FAST_MATH = YES;
				ONLY_ACTIVE_ARCH = YES;
				SDKROOT = iphoneos;
				SWIFT_ACTIVE_COMPILATION_CONDITIONS = DEBUG;
				SWIFT_OPTIMIZATION_LEVEL = "-Onone";
			};
			name = Debug;
		};
		156C14E62A50A07F00123F64 /* Release */ = {
			isa = XCBuildConfiguration;
			buildSettings = {
				ALWAYS_SEARCH_USER_PATHS = NO;
				CLANG_ANALYZER_NONNULL = YES;
				CLANG_ANALYZER_NUMBER_OBJECT_CONVERSION = YES_AGGRESSIVE;
				CLANG_CXX_LANGUAGE_STANDARD = "gnu++20";
				CLANG_ENABLE_MODULES = YES;
				CLANG_ENABLE_OBJC_ARC = YES;
				CLANG_ENABLE_OBJC_WEAK = YES;
				CLANG_WARN_BLOCK_CAPTURE_AUTORELEASING = YES;
				CLANG_WARN_BOOL_CONVERSION = YES;
				CLANG_WARN_COMMA = YES;
				CLANG_WARN_CONSTANT_CONVERSION = YES;
				CLANG_WARN_DEPRECATED_OBJC_IMPLEMENTATIONS = YES;
				CLANG_WARN_DIRECT_OBJC_ISA_USAGE = YES_ERROR;
				CLANG_WARN_DOCUMENTATION_COMMENTS = YES;
				CLANG_WARN_EMPTY_BODY = YES;
				CLANG_WARN_ENUM_CONVERSION = YES;
				CLANG_WARN_INFINITE_RECURSION = YES;
				CLANG_WARN_INT_CONVERSION = YES;
				CLANG_WARN_NON_LITERAL_NULL_CONVERSION = YES;
				CLANG_WARN_OBJC_IMPLICIT_RETAIN_SELF = YES;
				CLANG_WARN_OBJC_LITERAL_CONVERSION = YES;
				CLANG_WARN_OBJC_ROOT_CLASS = YES_ERROR;
				CLANG_WARN_QUOTED_INCLUDE_IN_FRAMEWORK_HEADER = YES;
				CLANG_WARN_RANGE_LOOP_ANALYSIS = YES;
				CLANG_WARN_STRICT_PROTOTYPES = YES;
				CLANG_WARN_SUSPICIOUS_MOVE = YES;
				CLANG_WARN_UNGUARDED_AVAILABILITY = YES_AGGRESSIVE;
				CLANG_WARN_UNREACHABLE_CODE = YES;
				CLANG_WARN__DUPLICATE_METHOD_MATCH = YES;
				COPY_PHASE_STRIP = NO;
				DEBUG_INFORMATION_FORMAT = "dwarf-with-dsym";
				ENABLE_NS_ASSERTIONS = NO;
				ENABLE_STRICT_OBJC_MSGSEND = YES;
				GCC_C_LANGUAGE_STANDARD = gnu11;
				GCC_NO_COMMON_BLOCKS = YES;
				GCC_WARN_64_TO_32_BIT_CONVERSION = YES;
				GCC_WARN_ABOUT_RETURN_TYPE = YES_ERROR;
				GCC_WARN_UNDECLARED_SELECTOR = YES;
				GCC_WARN_UNINITIALIZED_AUTOS = YES_AGGRESSIVE;
				GCC_WARN_UNUSED_FUNCTION = YES;
				GCC_WARN_UNUSED_VARIABLE = YES;
				IPHONEOS_DEPLOYMENT_TARGET = 16.4;
				MTL_ENABLE_DEBUG_INFO = NO;
				MTL_FAST_MATH = YES;
				SDKROOT = iphoneos;
				SWIFT_COMPILATION_MODE = wholemodule;
				SWIFT_OPTIMIZATION_LEVEL = "-O";
				VALIDATE_PRODUCT = YES;
			};
			name = Release;
		};
		156C14E82A50A07F00123F64 /* Debug */ = {
			isa = XCBuildConfiguration;
			buildSettings = {
				ASSETCATALOG_COMPILER_APPICON_NAME = AppIcon;
				ASSETCATALOG_COMPILER_GLOBAL_ACCENT_COLOR_NAME = AccentColor;
				CODE_SIGN_STYLE = Automatic;
				CURRENT_PROJECT_VERSION = 1;
				DEVELOPMENT_ASSET_PATHS = "\"JustQuotes/Preview Content\"";
				DEVELOPMENT_TEAM = U2FNWP55H5;
				ENABLE_PREVIEWS = YES;
				GENERATE_INFOPLIST_FILE = YES;
				INFOPLIST_KEY_UIApplicationSceneManifest_Generation = YES;
				INFOPLIST_KEY_UIApplicationSupportsIndirectInputEvents = YES;
				INFOPLIST_KEY_UILaunchScreen_Generation = YES;
				INFOPLIST_KEY_UISupportedInterfaceOrientations_iPad = "UIInterfaceOrientationPortrait UIInterfaceOrientationPortraitUpsideDown UIInterfaceOrientationLandscapeLeft UIInterfaceOrientationLandscapeRight";
				INFOPLIST_KEY_UISupportedInterfaceOrientations_iPhone = "UIInterfaceOrientationPortrait UIInterfaceOrientationLandscapeLeft UIInterfaceOrientationLandscapeRight";
				LD_RUNPATH_SEARCH_PATHS = (
					"$(inherited)",
					"@executable_path/Frameworks",
				);
				MARKETING_VERSION = 1.0;
				PRODUCT_BUNDLE_IDENTIFIER = com.mityunindmitry.JustQuotes;
				PRODUCT_NAME = "$(TARGET_NAME)";
				SWIFT_EMIT_LOC_STRINGS = YES;
				SWIFT_VERSION = 5.0;
				TARGETED_DEVICE_FAMILY = "1,2";
			};
			name = Debug;
		};
		156C14E92A50A07F00123F64 /* Release */ = {
			isa = XCBuildConfiguration;
			buildSettings = {
				ASSETCATALOG_COMPILER_APPICON_NAME = AppIcon;
				ASSETCATALOG_COMPILER_GLOBAL_ACCENT_COLOR_NAME = AccentColor;
				CODE_SIGN_STYLE = Automatic;
				CURRENT_PROJECT_VERSION = 1;
				DEVELOPMENT_ASSET_PATHS = "\"JustQuotes/Preview Content\"";
				DEVELOPMENT_TEAM = U2FNWP55H5;
				ENABLE_PREVIEWS = YES;
				GENERATE_INFOPLIST_FILE = YES;
				INFOPLIST_KEY_UIApplicationSceneManifest_Generation = YES;
				INFOPLIST_KEY_UIApplicationSupportsIndirectInputEvents = YES;
				INFOPLIST_KEY_UILaunchScreen_Generation = YES;
				INFOPLIST_KEY_UISupportedInterfaceOrientations_iPad = "UIInterfaceOrientationPortrait UIInterfaceOrientationPortraitUpsideDown UIInterfaceOrientationLandscapeLeft UIInterfaceOrientationLandscapeRight";
				INFOPLIST_KEY_UISupportedInterfaceOrientations_iPhone = "UIInterfaceOrientationPortrait UIInterfaceOrientationLandscapeLeft UIInterfaceOrientationLandscapeRight";
				LD_RUNPATH_SEARCH_PATHS = (
					"$(inherited)",
					"@executable_path/Frameworks",
				);
				MARKETING_VERSION = 1.0;
				PRODUCT_BUNDLE_IDENTIFIER = com.mityunindmitry.JustQuotes;
				PRODUCT_NAME = "$(TARGET_NAME)";
				SWIFT_EMIT_LOC_STRINGS = YES;
				SWIFT_VERSION = 5.0;
				TARGETED_DEVICE_FAMILY = "1,2";
			};
			name = Release;
		};
/* End XCBuildConfiguration section */

/* Begin XCConfigurationList section */
		156C14D42A50A07E00123F64 /* Build configuration list for PBXProject "JustQuotes" */ = {
			isa = XCConfigurationList;
			buildConfigurations = (
				156C14E52A50A07F00123F64 /* Debug */,
				156C14E62A50A07F00123F64 /* Release */,
			);
			defaultConfigurationIsVisible = 0;
			defaultConfigurationName = Release;
		};
		156C14E72A50A07F00123F64 /* Build configuration list for PBXNativeTarget "JustQuotes" */ = {
			isa = XCConfigurationList;
			buildConfigurations = (
				156C14E82A50A07F00123F64 /* Debug */,
				156C14E92A50A07F00123F64 /* Release */,
			);
			defaultConfigurationIsVisible = 0;
			defaultConfigurationName = Release;
		};
/* End XCConfigurationList section */
	};
	rootObject = 156C14D12A50A07E00123F64 /* Project object */;
}
